
Microsoft Visual Studio Solution File, Format Version 12.00
# Visual Studio Version 17
VisualStudioVersion = 17.0.32126.317
MinimumVisualStudioVersion = 10.0.40219.1
Project("{FAE04EC0-301F-11D3-BF4B-00C04F79EFBC}") = "StudentAttendanceSystem", "StudentAttendanceSystem\StudentAttendanceSystem.csproj", "{223DB90F-ACA2-4A82-BF2F-74DECD7A97A8}"
EndProject
Global
	GlobalSection(SolutionConfigurationPlatforms) = preSolution
		Debug|Any CPU = Debug|Any CPU
		Release|Any CPU = Release|Any CPU
	EndGlobalSection
	GlobalSection(ProjectConfigurationPlatforms) = postSolution
		{223DB90F-ACA2-4A82-BF2F-74DECD7A97A8}.Debug|Any CPU.ActiveCfg = Debug|Any CPU
		{223DB90F-ACA2-4A82-BF2F-74DECD7A97A8}.Debug|Any CPU.Build.0 = Debug|Any CPU
		{223DB90F-ACA2-4A82-BF2F-74DECD7A97A8}.Release|Any CPU.ActiveCfg = Release|Any CPU
		{223DB90F-ACA2-4A82-BF2F-74DECD7A97A8}.Release|Any CPU.Build.0 = Release|Any CPU
	EndGlobalSection
	GlobalSection(SolutionProperties) = preSolution
		HideSolutionNode = FALSE
	EndGlobalSection
	GlobalSection(ExtensibilityGlobals) = postSolution
		SolutionGuid = {F941DA18-34ED-48DE-BCB3-7659B6982B49}
	EndGlobalSection
EndGlobal
